// !$*UTF8*$!
{
	archiveVersion = 1;
	classes = {
	};
	objectVersion = 51;
	objects = {

/* Begin PBXBuildFile section */
		1B38918302C41DB6273BC835 /* Pods_CloudChat.framework in Frameworks */ = {isa = PBXBuildFile; fileRef = 9E35D38391DCDDE149D8960C /* Pods_CloudChat.framework */; };
		841B6F06288199B500A3A2F8 /* AppDelegate.swift in Sources */ = {isa = PBXBuildFile; fileRef = 841B6F05288199B500A3A2F8 /* AppDelegate.swift */; };
		841B6F08288199B500A3A2F8 /* SceneDelegate.swift in Sources */ = {isa = PBXBuildFile; fileRef = 841B6F07288199B500A3A2F8 /* SceneDelegate.swift */; };
		841B6F0A288199B500A3A2F8 /* WelcomeVC.swift in Sources */ = {isa = PBXBuildFile; fileRef = 841B6F09288199B500A3A2F8 /* WelcomeVC.swift */; };
		841B6F0D288199B500A3A2F8 /* Main.storyboard in Resources */ = {isa = PBXBuildFile; fileRef = 841B6F0B288199B500A3A2F8 /* Main.storyboard */; };
		841B6F0F288199B700A3A2F8 /* Assets.xcassets in Resources */ = {isa = PBXBuildFile; fileRef = 841B6F0E288199B700A3A2F8 /* Assets.xcassets */; };
		841B6F12288199B700A3A2F8 /* LaunchScreen.storyboard in Resources */ = {isa = PBXBuildFile; fileRef = 841B6F10288199B700A3A2F8 /* LaunchScreen.storyboard */; };
		8436954D2883616600087EB9 /* GoogleService-Info.plist in Resources */ = {isa = PBXBuildFile; fileRef = 8436954C2883616600087EB9 /* GoogleService-Info.plist */; };
		8436955128843F6900087EB9 /* Constants.swift in Sources */ = {isa = PBXBuildFile; fileRef = 8436955028843F6900087EB9 /* Constants.swift */; };
		84369553288459BC00087EB9 /* Messages.swift in Sources */ = {isa = PBXBuildFile; fileRef = 84369552288459BB00087EB9 /* Messages.swift */; };
		84369556288464F300087EB9 /* MessageCell.swift in Sources */ = {isa = PBXBuildFile; fileRef = 84369554288464F300087EB9 /* MessageCell.swift */; };
		84369557288464F300087EB9 /* MessageCell.xib in Resources */ = {isa = PBXBuildFile; fileRef = 84369555288464F300087EB9 /* MessageCell.xib */; };
		84EBA4642882CE270018BBBC /* RegistrationVC.swift in Sources */ = {isa = PBXBuildFile; fileRef = 84EBA4632882CE270018BBBC /* RegistrationVC.swift */; };
		84EBA4662882CE420018BBBC /* LogInVC.swift in Sources */ = {isa = PBXBuildFile; fileRef = 84EBA4652882CE420018BBBC /* LogInVC.swift */; };
		84EBA4682882CE4F0018BBBC /* ChatVC.swift in Sources */ = {isa = PBXBuildFile; fileRef = 84EBA4672882CE4F0018BBBC /* ChatVC.swift */; };
/* End PBXBuildFile section */

/* Begin PBXFileReference section */
		1DE310EBC537F9E902BE6BA9 /* Pods-CloudChat.release.xcconfig */ = {isa = PBXFileReference; includeInIndex = 1; lastKnownFileType = text.xcconfig; name = "Pods-CloudChat.release.xcconfig"; path = "Target Support Files/Pods-CloudChat/Pods-CloudChat.release.xcconfig"; sourceTree = "<group>"; };
		75B9AC766385872426FD04AB /* Pods-CloudChat.debug.xcconfig */ = {isa = PBXFileReference; includeInIndex = 1; lastKnownFileType = text.xcconfig; name = "Pods-CloudChat.debug.xcconfig"; path = "Target Support Files/Pods-CloudChat/Pods-CloudChat.debug.xcconfig"; sourceTree = "<group>"; };
		841B6F02288199B500A3A2F8 /* CloudChat.app */ = {isa = PBXFileReference; explicitFileType = wrapper.application; includeInIndex = 0; path = CloudChat.app; sourceTree = BUILT_PRODUCTS_DIR; };
		841B6F05288199B500A3A2F8 /* AppDelegate.swift */ = {isa = PBXFileReference; lastKnownFileType = sourcecode.swift; path = AppDelegate.swift; sourceTree = "<group>"; };
		841B6F07288199B500A3A2F8 /* SceneDelegate.swift */ = {isa = PBXFileReference; lastKnownFileType = sourcecode.swift; path = SceneDelegate.swift; sourceTree = "<group>"; };
		841B6F09288199B500A3A2F8 /* WelcomeVC.swift */ = {isa = PBXFileReference; lastKnownFileType = sourcecode.swift; path = WelcomeVC.swift; sourceTree = "<group>"; };
		841B6F0C288199B500A3A2F8 /* Base */ = {isa = PBXFileReference; lastKnownFileType = file.storyboard; name = Base; path = Base.lproj/Main.storyboard; sourceTree = "<group>"; };
		841B6F0E288199B700A3A2F8 /* Assets.xcassets */ = {isa = PBXFileReference; lastKnownFileType = folder.assetcatalog; path = Assets.xcassets; sourceTree = "<group>"; };
		841B6F11288199B700A3A2F8 /* Base */ = {isa = PBXFileReference; lastKnownFileType = file.storyboard; name = Base; path = Base.lproj/LaunchScreen.storyboard; sourceTree = "<group>"; };
		841B6F13288199B700A3A2F8 /* Info.plist */ = {isa = PBXFileReference; lastKnownFileType = text.plist.xml; path = Info.plist; sourceTree = "<group>"; };
		8436954C2883616600087EB9 /* GoogleService-Info.plist */ = {isa = PBXFileReference; fileEncoding = 4; lastKnownFileType = text.plist.xml; path = "GoogleService-Info.plist"; sourceTree = "<group>"; };
		8436955028843F6900087EB9 /* Constants.swift */ = {isa = PBXFileReference; lastKnownFileType = sourcecode.swift; path = Constants.swift; sourceTree = "<group>"; };
		84369552288459BB00087EB9 /* Messages.swift */ = {isa = PBXFileReference; lastKnownFileType = sourcecode.swift; path = Messages.swift; sourceTree = "<group>"; };
		84369554288464F300087EB9 /* MessageCell.swift */ = {isa = PBXFileReference; lastKnownFileType = sourcecode.swift; path = MessageCell.swift; sourceTree = "<group>"; };
		84369555288464F300087EB9 /* MessageCell.xib */ = {isa = PBXFileReference; lastKnownFileType = file.xib; path = MessageCell.xib; sourceTree = "<group>"; };
		84EBA4632882CE270018BBBC /* RegistrationVC.swift */ = {isa = PBXFileReference; lastKnownFileType = sourcecode.swift; path = RegistrationVC.swift; sourceTree = "<group>"; };
		84EBA4652882CE420018BBBC /* LogInVC.swift */ = {isa = PBXFileReference; lastKnownFileType = sourcecode.swift; path = LogInVC.swift; sourceTree = "<group>"; };
		84EBA4672882CE4F0018BBBC /* ChatVC.swift */ = {isa = PBXFileReference; lastKnownFileType = sourcecode.swift; path = ChatVC.swift; sourceTree = "<group>"; };
		9E35D38391DCDDE149D8960C /* Pods_CloudChat.framework */ = {isa = PBXFileReference; explicitFileType = wrapper.framework; includeInIndex = 0; path = Pods_CloudChat.framework; sourceTree = BUILT_PRODUCTS_DIR; };
/* End PBXFileReference section */

/* Begin PBXFrameworksBuildPhase section */
		841B6EFF288199B500A3A2F8 /* Frameworks */ = {
			isa = PBXFrameworksBuildPhase;
			buildActionMask = 2147483647;
			files = (
				1B38918302C41DB6273BC835 /* Pods_CloudChat.framework in Frameworks */,
			);
			runOnlyForDeploymentPostprocessing = 0;
		};
/* End PBXFrameworksBuildPhase section */

/* Begin PBXGroup section */
		841B6EF9288199B500A3A2F8 = {
			isa = PBXGroup;
			children = (
				841B6F04288199B500A3A2F8 /* CloudChat */,
				841B6F03288199B500A3A2F8 /* Products */,
				89C22E6A214971E586CE1EF8 /* Pods */,
				EADC8236D98869F9FC137CC4 /* Frameworks */,
			);
			sourceTree = "<group>";
		};
		841B6F03288199B500A3A2F8 /* Products */ = {
			isa = PBXGroup;
			children = (
				841B6F02288199B500A3A2F8 /* CloudChat.app */,
			);
			name = Products;
			sourceTree = "<group>";
		};
		841B6F04288199B500A3A2F8 /* CloudChat */ = {
			isa = PBXGroup;
			children = (
				841B6F05288199B500A3A2F8 /* AppDelegate.swift */,
				841B6F07288199B500A3A2F8 /* SceneDelegate.swift */,
				84EBA46B2882CE770018BBBC /* Model */,
				84EBA4692882CE610018BBBC /* View */,
				84EBA46A2882CE680018BBBC /* VC's */,
				841B6F0E288199B700A3A2F8 /* Assets.xcassets */,
				841B6F10288199B700A3A2F8 /* LaunchScreen.storyboard */,
				841B6F13288199B700A3A2F8 /* Info.plist */,
				8436954C2883616600087EB9 /* GoogleService-Info.plist */,
				8436955028843F6900087EB9 /* Constants.swift */,
			);
			path = CloudChat;
			sourceTree = "<group>";
		};
		84EBA4692882CE610018BBBC /* View */ = {
			isa = PBXGroup;
			children = (
				841B6F0B288199B500A3A2F8 /* Main.storyboard */,
				84369554288464F300087EB9 /* MessageCell.swift */,
				84369555288464F300087EB9 /* MessageCell.xib */,
			);
			path = View;
			sourceTree = "<group>";
		};
		84EBA46A2882CE680018BBBC /* VC's */ = {
			isa = PBXGroup;
			children = (
				841B6F09288199B500A3A2F8 /* WelcomeVC.swift */,
				84EBA4632882CE270018BBBC /* RegistrationVC.swift */,
				84EBA4652882CE420018BBBC /* LogInVC.swift */,
				84EBA4672882CE4F0018BBBC /* ChatVC.swift */,
			);
			path = "VC's";
			sourceTree = "<group>";
		};
		84EBA46B2882CE770018BBBC /* Model */ = {
			isa = PBXGroup;
			children = (
				84369552288459BB00087EB9 /* Messages.swift */,
			);
			path = Model;
			sourceTree = "<group>";
		};
		89C22E6A214971E586CE1EF8 /* Pods */ = {
			isa = PBXGroup;
			children = (
				75B9AC766385872426FD04AB /* Pods-CloudChat.debug.xcconfig */,
				1DE310EBC537F9E902BE6BA9 /* Pods-CloudChat.release.xcconfig */,
			);
			path = Pods;
			sourceTree = "<group>";
		};
		EADC8236D98869F9FC137CC4 /* Frameworks */ = {
			isa = PBXGroup;
			children = (
				9E35D38391DCDDE149D8960C /* Pods_CloudChat.framework */,
			);
			name = Frameworks;
			sourceTree = "<group>";
		};
/* End PBXGroup section */

/* Begin PBXNativeTarget section */
		841B6F01288199B500A3A2F8 /* CloudChat */ = {
			isa = PBXNativeTarget;
			buildConfigurationList = 841B6F16288199B700A3A2F8 /* Build configuration list for PBXNativeTarget "CloudChat" */;
			buildPhases = (
				4317B7436693E762BB688D96 /* [CP] Check Pods Manifest.lock */,
				841B6EFE288199B500A3A2F8 /* Sources */,
				841B6EFF288199B500A3A2F8 /* Frameworks */,
				841B6F00288199B500A3A2F8 /* Resources */,
				60AB735D08F8599493FDCC94 /* [CP] Embed Pods Frameworks */,
			);
			buildRules = (
			);
			dependencies = (
			);
			name = CloudChat;
			productName = FlashChat;
			productReference = 841B6F02288199B500A3A2F8 /* CloudChat.app */;
			productType = "com.apple.product-type.application";
		};
/* End PBXNativeTarget section */

/* Begin PBXProject section */
		841B6EFA288199B500A3A2F8 /* Project object */ = {
			isa = PBXProject;
			attributes = {
				LastSwiftUpdateCheck = 1140;
				LastUpgradeCheck = 1140;
				ORGANIZATIONNAME = "Sergey Lolaev";
				TargetAttributes = {
					841B6F01288199B500A3A2F8 = {
						CreatedOnToolsVersion = 11.4;
					};
				};
			};
			buildConfigurationList = 841B6EFD288199B500A3A2F8 /* Build configuration list for PBXProject "CloudChat" */;
			compatibilityVersion = "Xcode 9.3";
			developmentRegion = en;
			hasScannedForEncodings = 0;
			knownRegions = (
				en,
				Base,
			);
			mainGroup = 841B6EF9288199B500A3A2F8;
			productRefGroup = 841B6F03288199B500A3A2F8 /* Products */;
			projectDirPath = "";
			projectRoot = "";
			targets = (
				841B6F01288199B500A3A2F8 /* CloudChat */,
			);
		};
/* End PBXProject section */

/* Begin PBXResourcesBuildPhase section */
		841B6F00288199B500A3A2F8 /* Resources */ = {
			isa = PBXResourcesBuildPhase;
			buildActionMask = 2147483647;
			files = (
				84369557288464F300087EB9 /* MessageCell.xib in Resources */,
				841B6F12288199B700A3A2F8 /* LaunchScreen.storyboard in Resources */,
				8436954D2883616600087EB9 /* GoogleService-Info.plist in Resources */,
				841B6F0F288199B700A3A2F8 /* Assets.xcassets in Resources */,
				841B6F0D288199B500A3A2F8 /* Main.storyboard in Resources */,
			);
			runOnlyForDeploymentPostprocessing = 0;
		};
/* End PBXResourcesBuildPhase section */

/* Begin PBXShellScriptBuildPhase section */
		4317B7436693E762BB688D96 /* [CP] Check Pods Manifest.lock */ = {
			isa = PBXShellScriptBuildPhase;
			buildActionMask = 2147483647;
			files = (
			);
			inputFileListPaths = (
			);
			inputPaths = (
				"${PODS_PODFILE_DIR_PATH}/Podfile.lock",
				"${PODS_ROOT}/Manifest.lock",
			);
			name = "[CP] Check Pods Manifest.lock";
			outputFileListPaths = (
			);
			outputPaths = (
				"$(DERIVED_FILE_DIR)/Pods-CloudChat-checkManifestLockResult.txt",
			);
			runOnlyForDeploymentPostprocessing = 0;
			shellPath = /bin/sh;
			shellScript = "diff \"${PODS_PODFILE_DIR_PATH}/Podfile.lock\" \"${PODS_ROOT}/Manifest.lock\" > /dev/null\nif [ $? != 0 ] ; then\n    # print error to STDERR\n    echo \"error: The sandbox is not in sync with the Podfile.lock. Run 'pod install' or update your CocoaPods installation.\" >&2\n    exit 1\nfi\n# This output is used by Xcode 'outputs' to avoid re-running this script phase.\necho \"SUCCESS\" > \"${SCRIPT_OUTPUT_FILE_0}\"\n";
			showEnvVarsInLog = 0;
		};
		60AB735D08F8599493FDCC94 /* [CP] Embed Pods Frameworks */ = {
			isa = PBXShellScriptBuildPhase;
			buildActionMask = 2147483647;
			files = (
			);
			inputFileListPaths = (
				"${PODS_ROOT}/Target Support Files/Pods-CloudChat/Pods-CloudChat-frameworks-${CONFIGURATION}-input-files.xcfilelist",
			);
			name = "[CP] Embed Pods Frameworks";
			outputFileListPaths = (
				"${PODS_ROOT}/Target Support Files/Pods-CloudChat/Pods-CloudChat-frameworks-${CONFIGURATION}-output-files.xcfilelist",
			);
			runOnlyForDeploymentPostprocessing = 0;
			shellPath = /bin/sh;
			shellScript = "\"${PODS_ROOT}/Target Support Files/Pods-CloudChat/Pods-CloudChat-frameworks.sh\"\n";
			showEnvVarsInLog = 0;
		};
/* End PBXShellScriptBuildPhase section */

/* Begin PBXSourcesBuildPhase section */
		841B6EFE288199B500A3A2F8 /* Sources */ = {
			isa = PBXSourcesBuildPhase;
			buildActionMask = 2147483647;
			files = (
				84EBA4682882CE4F0018BBBC /* ChatVC.swift in Sources */,
				84369553288459BC00087EB9 /* Messages.swift in Sources */,
				841B6F0A288199B500A3A2F8 /* WelcomeVC.swift in Sources */,
				841B6F06288199B500A3A2F8 /* AppDelegate.swift in Sources */,
				841B6F08288199B500A3A2F8 /* SceneDelegate.swift in Sources */,
				8436955128843F6900087EB9 /* Constants.swift in Sources */,
				84EBA4662882CE420018BBBC /* LogInVC.swift in Sources */,
				84EBA4642882CE270018BBBC /* RegistrationVC.swift in Sources */,
				84369556288464F300087EB9 /* MessageCell.swift in Sources */,
			);
			runOnlyForDeploymentPostprocessing = 0;
		};
/* End PBXSourcesBuildPhase section */

/* Begin PBXVariantGroup section */
		841B6F0B288199B500A3A2F8 /* Main.storyboard */ = {
			isa = PBXVariantGroup;
			children = (
				841B6F0C288199B500A3A2F8 /* Base */,
			);
			name = Main.storyboard;
			sourceTree = "<group>";
		};
		841B6F10288199B700A3A2F8 /* LaunchScreen.storyboard */ = {
			isa = PBXVariantGroup;
			children = (
				841B6F11288199B700A3A2F8 /* Base */,
			);
			name = LaunchScreen.storyboard;
			sourceTree = "<group>";
		};
/* End PBXVariantGroup section */

/* Begin XCBuildConfiguration section */
		841B6F14288199B700A3A2F8 /* Debug */ = {
			isa = XCBuildConfiguration;
			buildSettings = {
				ALWAYS_SEARCH_USER_PATHS = NO;
				CLANG_ANALYZER_NONNULL = YES;
				CLANG_ANALYZER_NUMBER_OBJECT_CONVERSION = YES_AGGRESSIVE;
				CLANG_CXX_LANGUAGE_STANDARD = "gnu++14";
				CLANG_CXX_LIBRARY = "libc++";
				CLANG_ENABLE_MODULES = YES;
				CLANG_ENABLE_OBJC_ARC = YES;
				CLANG_ENABLE_OBJC_WEAK = YES;
				CLANG_WARN_BLOCK_CAPTURE_AUTORELEASING = YES;
				CLANG_WARN_BOOL_CONVERSION = YES;
				CLANG_WARN_COMMA = YES;
				CLANG_WARN_CONSTANT_CONVERSION = YES;
				CLANG_WARN_DEPRECATED_OBJC_IMPLEMENTATIONS = YES;
				CLANG_WARN_DIRECT_OBJC_ISA_USAGE = YES_ERROR;
				CLANG_WARN_DOCUMENTATION_COMMENTS = YES;
				CLANG_WARN_EMPTY_BODY = YES;
				CLANG_WARN_ENUM_CONVERSION = YES;
				CLANG_WARN_INFINITE_RECURSION = YES;
				CLANG_WARN_INT_CONVERSION = YES;
				CLANG_WARN_NON_LITERAL_NULL_CONVERSION = YES;
				CLANG_WARN_OBJC_IMPLICIT_RETAIN_SELF = YES;
				CLANG_WARN_OBJC_LITERAL_CONVERSION = YES;
				CLANG_WARN_OBJC_ROOT_CLASS = YES_ERROR;
				CLANG_WARN_RANGE_LOOP_ANALYSIS = YES;
				CLANG_WARN_STRICT_PROTOTYPES = YES;
				CLANG_WARN_SUSPICIOUS_MOVE = YES;
				CLANG_WARN_UNGUARDED_AVAILABILITY = YES_AGGRESSIVE;
				CLANG_WARN_UNREACHABLE_CODE = YES;
				CLANG_WARN__DUPLICATE_METHOD_MATCH = YES;
				COPY_PHASE_STRIP = NO;
				DEBUG_INFORMATION_FORMAT = dwarf;
				ENABLE_STRICT_OBJC_MSGSEND = YES;
				ENABLE_TESTABILITY = YES;
				GCC_C_LANGUAGE_STANDARD = gnu11;
				GCC_DYNAMIC_NO_PIC = NO;
				GCC_NO_COMMON_BLOCKS = YES;
				GCC_OPTIMIZATION_LEVEL = 0;
				GCC_PREPROCESSOR_DEFINITIONS = (
					"DEBUG=1",
					"$(inherited)",
				);
				GCC_WARN_64_TO_32_BIT_CONVERSION = YES;
				GCC_WARN_ABOUT_RETURN_TYPE = YES_ERROR;
				GCC_WARN_UNDECLARED_SELECTOR = YES;
				GCC_WARN_UNINITIALIZED_AUTOS = YES_AGGRESSIVE;
				GCC_WARN_UNUSED_FUNCTION = YES;
				GCC_WARN_UNUSED_VARIABLE = YES;
				IPHONEOS_DEPLOYMENT_TARGET = 13.4;
				MTL_ENABLE_DEBUG_INFO = INCLUDE_SOURCE;
				MTL_FAST_MATH = YES;
				ONLY_ACTIVE_ARCH = YES;
				SDKROOT = iphoneos;
				SWIFT_ACTIVE_COMPILATION_CONDITIONS = DEBUG;
				SWIFT_OPTIMIZATION_LEVEL = "-Onone";
			};
			name = Debug;
		};
		841B6F15288199B700A3A2F8 /* Release */ = {
			isa = XCBuildConfiguration;
			buildSettings = {
				ALWAYS_SEARCH_USER_PATHS = NO;
				CLANG_ANALYZER_NONNULL = YES;
				CLANG_ANALYZER_NUMBER_OBJECT_CONVERSION = YES_AGGRESSIVE;
				CLANG_CXX_LANGUAGE_STANDARD = "gnu++14";
				CLANG_CXX_LIBRARY = "libc++";
				CLANG_ENABLE_MODULES = YES;
				CLANG_ENABLE_OBJC_ARC = YES;
				CLANG_ENABLE_OBJC_WEAK = YES;
				CLANG_WARN_BLOCK_CAPTURE_AUTORELEASING = YES;
				CLANG_WARN_BOOL_CONVERSION = YES;
				CLANG_WARN_COMMA = YES;
				CLANG_WARN_CONSTANT_CONVERSION = YES;
				CLANG_WARN_DEPRECATED_OBJC_IMPLEMENTATIONS = YES;
				CLANG_WARN_DIRECT_OBJC_ISA_USAGE = YES_ERROR;
				CLANG_WARN_DOCUMENTATION_COMMENTS = YES;
				CLANG_WARN_EMPTY_BODY = YES;
				CLANG_WARN_ENUM_CONVERSION = YES;
				CLANG_WARN_INFINITE_RECURSION = YES;
				CLANG_WARN_INT_CONVERSION = YES;
				CLANG_WARN_NON_LITERAL_NULL_CONVERSION = YES;
				CLANG_WARN_OBJC_IMPLICIT_RETAIN_SELF = YES;
				CLANG_WARN_OBJC_LITERAL_CONVERSION = YES;
				CLANG_WARN_OBJC_ROOT_CLASS = YES_ERROR;
				CLANG_WARN_RANGE_LOOP_ANALYSIS = YES;
				CLANG_WARN_STRICT_PROTOTYPES = YES;
				CLANG_WARN_SUSPICIOUS_MOVE = YES;
				CLANG_WARN_UNGUARDED_AVAILABILITY = YES_AGGRESSIVE;
				CLANG_WARN_UNREACHABLE_CODE = YES;
				CLANG_WARN__DUPLICATE_METHOD_MATCH = YES;
				COPY_PHASE_STRIP = NO;
				DEBUG_INFORMATION_FORMAT = "dwarf-with-dsym";
				ENABLE_NS_ASSERTIONS = NO;
				ENABLE_STRICT_OBJC_MSGSEND = YES;
				GCC_C_LANGUAGE_STANDARD = gnu11;
				GCC_NO_COMMON_BLOCKS = YES;
				GCC_WARN_64_TO_32_BIT_CONVERSION = YES;
				GCC_WARN_ABOUT_RETURN_TYPE = YES_ERROR;
				GCC_WARN_UNDECLARED_SELECTOR = YES;
				GCC_WARN_UNINITIALIZED_AUTOS = YES_AGGRESSIVE;
				GCC_WARN_UNUSED_FUNCTION = YES;
				GCC_WARN_UNUSED_VARIABLE = YES;
				IPHONEOS_DEPLOYMENT_TARGET = 13.4;
				MTL_ENABLE_DEBUG_INFO = NO;
				MTL_FAST_MATH = YES;
				SDKROOT = iphoneos;
				SWIFT_COMPILATION_MODE = wholemodule;
				SWIFT_OPTIMIZATION_LEVEL = "-O";
				VALIDATE_PRODUCT = YES;
			};
			name = Release;
		};
		841B6F17288199B700A3A2F8 /* Debug */ = {
			isa = XCBuildConfiguration;
			baseConfigurationReference = 75B9AC766385872426FD04AB /* Pods-CloudChat.debug.xcconfig */;
			buildSettings = {
				ASSETCATALOG_COMPILER_APPICON_NAME = AppIcon;
				CODE_SIGN_STYLE = Automatic;
				DEVELOPMENT_TEAM = 6GDFQ6F6AG;
				INFOPLIST_FILE = "$(SRCROOT)/CloudChat/Info.plist";
				LD_RUNPATH_SEARCH_PATHS = (
					"$(inherited)",
					"@executable_path/Frameworks",
				);
				PRODUCT_BUNDLE_IDENTIFIER = com.lolaevSergey.CloudChat;
				PRODUCT_NAME = CloudChat;
				SWIFT_VERSION = 5.0;
				TARGETED_DEVICE_FAMILY = "1,2";
			};
			name = Debug;
		};
		841B6F18288199B700A3A2F8 /* Release */ = {
			isa = XCBuildConfiguration;
			baseConfigurationReference = 1DE310EBC537F9E902BE6BA9 /* Pods-CloudChat.release.xcconfig */;
			buildSettings = {
				ASSETCATALOG_COMPILER_APPICON_NAME = AppIcon;
				CODE_SIGN_STYLE = Automatic;
				DEVELOPMENT_TEAM = 6GDFQ6F6AG;
				INFOPLIST_FILE = "$(SRCROOT)/CloudChat/Info.plist";
				LD_RUNPATH_SEARCH_PATHS = (
					"$(inherited)",
					"@executable_path/Frameworks",
				);
				PRODUCT_BUNDLE_IDENTIFIER = com.lolaevSergey.CloudChat;
				PRODUCT_NAME = CloudChat;
				SWIFT_VERSION = 5.0;
				TARGETED_DEVICE_FAMILY = "1,2";
			};
			name = Release;
		};
/* End XCBuildConfiguration section */

/* Begin XCConfigurationList section */
		841B6EFD288199B500A3A2F8 /* Build configuration list for PBXProject "CloudChat" */ = {
			isa = XCConfigurationList;
			buildConfigurations = (
				841B6F14288199B700A3A2F8 /* Debug */,
				841B6F15288199B700A3A2F8 /* Release */,
			);
			defaultConfigurationIsVisible = 0;
			defaultConfigurationName = Release;
		};
		841B6F16288199B700A3A2F8 /* Build configuration list for PBXNativeTarget "CloudChat" */ = {
			isa = XCConfigurationList;
			buildConfigurations = (
				841B6F17288199B700A3A2F8 /* Debug */,
				841B6F18288199B700A3A2F8 /* Release */,
			);
			defaultConfigurationIsVisible = 0;
			defaultConfigurationName = Release;
		};
/* End XCConfigurationList section */
	};
	rootObject = 841B6EFA288199B500A3A2F8 /* Project object */;
}
